version = 1
revision = 3
requires-python = ">=3.11, <3.14"

[[package]]
name = "nemo-fabric-adapter-contract"
version = "0.3.0"
source = { editable = "../../adapter-contract/python" }

[package.metadata]
requires-dist = [{ name = "pydantic", marker = "extra == 'pydantic'", specifier = ">=2.12,<3" }]
provides-extras = ["pydantic"]

[[package]]
name = "nemo-fabric-adapters-common"
version = "0.3.0"
source = { editable = "../common" }
dependencies = [
    { name = "nemo-fabric-adapter-contract" },
]

[package.metadata]
requires-dist = [{ name = "nemo-fabric-adapter-contract", editable = "../../adapter-contract/python" }]

[[package]]
name = "nemo-fabric-adapters-hermes"
version = "0.3.0"
source = { editable = "." }
dependencies = [
    { name = "nemo-fabric-adapter-contract" },
    { name = "nemo-fabric-adapters-common" },
]

[package.optional-dependencies]
full = [
    { name = "nemo-relay" },
]
relay = [
    { name = "nemo-relay" },
]

[package.metadata]
requires-dist = [
    { name = "nemo-fabric-adapter-contract", editable = "../../adapter-contract/python" },
    { name = "nemo-fabric-adapters-common", editable = "../common" },
    { name = "nemo-relay", marker = "extra == 'full'", specifier = ">=0.7.2,<0.8" },
    { name = "nemo-relay", marker = "extra == 'relay'", specifier = ">=0.7.2,<0.8" },
]
provides-extras = ["relay", "full"]

[[package]]
name = "nemo-relay"
version = "0.7.2"
source = { registry = "https://pypi.org/simple" }
sdist = { url = "https://files.pythonhosted.org/packages/58/81/a7a545ac3a2f8c670d261c89df599aa8fbf49d8be45fd1f52efb36b489eb/nemo_relay-0.7.2.tar.gz", hash = "sha256:828d9f6c7d7e4e42276bb7192bd44202c761e0c76fa4943d84e051b5a99028e5", size = 1295616, upload-time = "2026-08-08T01:54:00.953Z" }
wheels = [
    { url = "https://files.pythonhosted.org/packages/5a/cd/f50440257f01bc5ab3d668331c90e06cf4edcc84dc7dc582d322ad05b622/nemo_relay-0.7.2-cp311-abi3-macosx_11_0_arm64.whl", hash = "sha256:e7c7977f0903793cc34c5542bf2b2e44d107def8a5ae9f1b28f06dd61ddec4ed", size = 9246341, upload-time = "2026-08-08T01:53:19.832Z" },
    { url = "https://files.pythonhosted.org/packages/ed/9f/4041446dd134218799a34b5b5fad3a62d3e1d0a6c322ba2ca4b896ba1393/nemo_relay-0.7.2-cp311-abi3-manylinux_2_17_aarch64.manylinux2014_aarch64.whl", hash = "sha256:b4ae77c1f3d58eabda264e82ffaca54548df80caede7dd6af8cbd8f72b4a82ed", size = 8454070, upload-time = "2026-08-08T01:53:22.524Z" },
    { url = "https://files.pythonhosted.org/packages/11/83/90230c2e9fae1aee39f768d4a9ef57e9f2716bcaed1a5923cce8b526c66b/nemo_relay-0.7.2-cp311-abi3-manylinux_2_17_x86_64.manylinux2014_x86_64.whl", hash = "sha256:0ce7103aec546766649c182619d16aa6ad07439e4d0ebd16d95c5004afb3e56a", size = 8954377, upload-time = "2026-08-08T01:53:25.267Z" },
    { url = "https://files.pythonhosted.org/packages/71/e7/463fa461d0801146fec6a00cbc02e8961b30089d65ba170f9dfa9e6e3dcd/nemo_relay-0.7.2-cp311-abi3-musllinux_1_2_aarch64.whl", hash = "sha256:2e7d0c2629ade7313aaed71d2272dca96a2fafad0248d0f87cf40a7720b252a0", size = 10322132, upload-time = "2026-08-08T01:53:27.991Z" },
    { url = "https://files.pythonhosted.org/packages/32/8c/e20ec9c52bd1edd953157aaf24d0d9f9ab8afcbf108fc2356f398e252da8/nemo_relay-0.7.2-cp311-abi3-musllinux_1_2_x86_64.whl", hash = "sha256:b841c92395d7686c7f233036008294b9d362af1ec5123ab0babbfd11cbb04054", size = 10704141, upload-time = "2026-08-08T01:53:30.453Z" },
    { url = "https://files.pythonhosted.org/packages/5a/c1/92a73961ea759b433b1f897b225662d499123cb962b48dc8ece19f610a09/nemo_relay-0.7.2-cp311-abi3-win_amd64.whl", hash = "sha256:0cdcc5e09d6d62d5c1d385dc62c9233eb714a25f36a09da81e5b9731e3c67903", size = 8803938, upload-time = "2026-08-08T01:53:33.437Z" },
    { url = "https://files.pythonhosted.org/packages/9d/ec/2de114dab437431173988b9b11f46e8d377e12d57e1b4903258f3e03c2df/nemo_relay-0.7.2-cp311-abi3-win_arm64.whl", hash = "sha256:ca5f66e617311f836a10d96f120f3f32a99b4267d65048453b31951de3419a9d", size = 8438997, upload-time = "2026-08-08T01:53:36.12Z" },
]
