version = 1
revision = 3
requires-python = ">=3.11"

[[package]]
name = "nemo-fabric-pi-cli-bin"
version = "0.3.0"
source = { editable = "." }
dependencies = [
    { name = "nodejs-wheel" },
]

[package.metadata]
requires-dist = [{ name = "nodejs-wheel", specifier = "==22.19.0" }]

[[package]]
name = "nodejs-wheel"
version = "22.19.0"
source = { registry = "https://pypi.org/simple" }
dependencies = [
    { name = "nodejs-wheel-binaries" },
]
sdist = { url = "https://files.pythonhosted.org/packages/3b/28/76f283d083a469b1ad26c3c711a0c9fa8405d8f6a5edfa5e17a4958aeb82/nodejs_wheel-22.19.0.tar.gz", hash = "sha256:bdd854f9b87faf8c5305dc60d99a12d56a37e0ea8c9064a84845fdeaf987dfd8", size = 2968, upload-time = "2025-09-12T10:33:45.808Z" }
wheels = [
    { url = "https://files.pythonhosted.org/packages/f2/9a/c2ea78e11b6d28a80a7e638ac575b662860dfcf3ed83067e80c998cfaf58/nodejs_wheel-22.19.0-py3-none-any.whl", hash = "sha256:9021f544885c5b8122572bea8b23affb8a88033eaa9298e1c5e9789b5a31a84e", size = 3990, upload-time = "2025-09-12T10:33:16.166Z" },
]

[[package]]
name = "nodejs-wheel-binaries"
version = "22.19.0"
source = { registry = "https://pypi.org/simple" }
sdist = { url = "https://files.pythonhosted.org/packages/bd/ca/6033f80b7aebc23cb31ed8b09608b6308c5273c3522aedd043e8a0644d83/nodejs_wheel_binaries-22.19.0.tar.gz", hash = "sha256:e69b97ef443d36a72602f7ed356c6a36323873230f894799f4270a853932fdb3", size = 8060, upload-time = "2025-09-12T10:33:46.935Z" }
wheels = [
    { url = "https://files.pythonhosted.org/packages/93/a2/0d055fd1d8c9a7a971c4db10cf42f3bba57c964beb6cf383ca053f2cdd20/nodejs_wheel_binaries-22.19.0-py2.py3-none-macosx_11_0_arm64.whl", hash = "sha256:43eca1526455a1fb4cb777095198f7ebe5111a4444749c87f5c2b84645aaa72a", size = 50902454, upload-time = "2025-09-12T10:33:18.3Z" },
    { url = "https://files.pythonhosted.org/packages/b5/f5/446f7b3c5be1d2f5145ffa3c9aac3496e06cdf0f436adeb21a1f95dd79a7/nodejs_wheel_binaries-22.19.0-py2.py3-none-macosx_11_0_x86_64.whl", hash = "sha256:feb06709e1320790d34babdf71d841ec7f28e4c73217d733e7f5023060a86bfc", size = 51837860, upload-time = "2025-09-12T10:33:21.599Z" },
    { url = "https://files.pythonhosted.org/packages/1e/4e/d0a036f04fd0f5dc3ae505430657044b8d9853c33be6b2d122bb171aaca3/nodejs_wheel_binaries-22.19.0-py2.py3-none-manylinux_2_17_aarch64.manylinux2014_aarch64.whl", hash = "sha256:db9f5777292491430457c99228d3a267decf12a09d31246f0692391e3513285e", size = 57841528, upload-time = "2025-09-12T10:33:25.433Z" },
    { url = "https://files.pythonhosted.org/packages/e2/11/4811d27819f229cc129925c170db20c12d4f01ad366a0066f06d6eb833cf/nodejs_wheel_binaries-22.19.0-py2.py3-none-manylinux_2_17_x86_64.manylinux2014_x86_64.whl", hash = "sha256:1392896f1a05a88a8a89b26e182d90fdf3020b4598a047807b91b65731e24c00", size = 58368815, upload-time = "2025-09-12T10:33:29.083Z" },
    { url = "https://files.pythonhosted.org/packages/6e/94/df41416856b980e38a7ff280cfb59f142a77955ccdbec7cc4260d8ab2e78/nodejs_wheel_binaries-22.19.0-py2.py3-none-musllinux_1_2_aarch64.whl", hash = "sha256:9164c876644f949cad665e3ada00f75023e18f381e78a1d7b60ccbbfb4086e73", size = 59690937, upload-time = "2025-09-12T10:33:32.771Z" },
    { url = "https://files.pythonhosted.org/packages/d1/39/8d0d5f84b7616bdc4eca725f5d64a1cfcac3d90cf3f30cae17d12f8e987f/nodejs_wheel_binaries-22.19.0-py2.py3-none-musllinux_1_2_x86_64.whl", hash = "sha256:6b4b75166134010bc9cfebd30dc57047796a27049fef3fc22316216d76bc0af7", size = 60751996, upload-time = "2025-09-12T10:33:36.962Z" },
    { url = "https://files.pythonhosted.org/packages/41/93/2d66b5b60055dd1de6e37e35bef563c15e4cafa5cfe3a6990e0ab358e515/nodejs_wheel_binaries-22.19.0-py2.py3-none-win_amd64.whl", hash = "sha256:3f271f5abfc71b052a6b074225eca8c1223a0f7216863439b86feaca814f6e5a", size = 40026140, upload-time = "2025-09-12T10:33:40.33Z" },
    { url = "https://files.pythonhosted.org/packages/a3/46/c9cf7ff7e3c71f07ca8331c939afd09b6e59fc85a2944ea9411e8b29ce50/nodejs_wheel_binaries-22.19.0-py2.py3-none-win_arm64.whl", hash = "sha256:666a355fe0c9bde44a9221cd543599b029045643c8196b8eedb44f28dc192e06", size = 38804500, upload-time = "2025-09-12T10:33:43.302Z" },
]
